# This file is autogenerated, do not edit; changes may be undone by the next 'dep ensure'.


[[projects]]
  branch = "master"
  name = "github.com/otiai10/goavcodec"
  packages = ["v0/goavcodec"]
  revision = "758c3a0465b08d93fc53907defbc6f4e0a099d64"

[[projects]]
  name = "github.com/otiai10/gosseract"
  packages = ["."]
  revision = "b026a6fd291f00736db60738f4e83a79d26359cb"
  version = "v2.2.0"

[[projects]]
  name = "github.com/otiai10/marmoset"
  packages = ["."]
  revision = "af97a62a537539c23bf36f5d982a4a90948cab53"
  version = "0.2.0"

[[projects]]
  name = "github.com/otiai10/ocrserver"
  packages = ["controllers"]
  revision = "7d8491ff927ab3b795b605c4eb34bf4f1e96d389"
  version = "v0.3"

[[projects]]
  branch = "master"
  name = "github.com/otiai10/webm2mp4"
  packages = ["controllers"]
  revision = "7f4310c6efb442c7ed4544f88983e6326776ed8f"

[[projects]]
  branch = "master"
  name = "golang.org/x/net"
  packages = ["context"]
  revision = "db08ff08e8622530d9ed3a0e8ac279f6d4c02196"

[solve-meta]
  analyzer-name = "dep"
  analyzer-version = 1
  inputs-digest = "f16425dfe6165764da3da43f0c42f84bfcd9abd3d3131e71b1a0582444335dbb"
  solver-name = "gps-cdcl"
  solver-version = 1
